{
  "name": "soleil-clusters-mcp",
  "version": "2.1.1",
  "lockfileVersion": 3,
  "requires": true,
  "packages": {
    "": {
      "name": "soleil-clusters-mcp",
      "version": "2.1.1",
      "license": "MIT",
      "bin": {
        "soleil-clusters-mcp": "src/index.js"
      },
      "engines": {
        "node": ">=20"
      }
    }
  }
}
